// !$*UTF8*$!
{
	archiveVersion = 1;
	classes = {
	};
	objectVersion = 56;
	objects = {

/* Begin PBXBuildFile section */
		040700342B41ECC6006A0D4A /* AppDelegate.swift in Sources */ = {isa = PBXBuildFile; fileRef = 040700332B41ECC6006A0D4A /* AppDelegate.swift */; };
		040700362B41ECC6006A0D4A /* SceneDelegate.swift in Sources */ = {isa = PBXBuildFile; fileRef = 040700352B41ECC6006A0D4A /* SceneDelegate.swift */; };
		040700382B41ECC6006A0D4A /* ViewController.swift in Sources */ = {isa = PBXBuildFile; fileRef = 040700372B41ECC6006A0D4A /* ViewController.swift */; };
		0407003B2B41ECC6006A0D4A /* Main.storyboard in Resources */ = {isa = PBXBuildFile; fileRef = 040700392B41ECC6006A0D4A /* Main.storyboard */; };
		0407003D2B41ECC8006A0D4A /* Assets.xcassets in Resources */ = {isa = PBXBuildFile; fileRef = 0407003C2B41ECC8006A0D4A /* Assets.xcassets */; };
		040700402B41ECC8006A0D4A /* LaunchScreen.storyboard in Resources */ = {isa = PBXBuildFile; fileRef = 0407003E2B41ECC8006A0D4A /* LaunchScreen.storyboard */; };
		0407004B2B41ECC8006A0D4A /* TrafficSignalAppTests.swift in Sources */ = {isa = PBXBuildFile; fileRef = 0407004A2B41ECC8006A0D4A /* TrafficSignalAppTests.swift */; };
		040700552B41ECC8006A0D4A /* TrafficSignalAppUITests.swift in Sources */ = {isa = PBXBuildFile; fileRef = 040700542B41ECC8006A0D4A /* TrafficSignalAppUITests.swift */; };
		040700572B41ECC8006A0D4A /* TrafficSignalAppUITestsLaunchTests.swift in Sources */ = {isa = PBXBuildFile; fileRef = 040700562B41ECC8006A0D4A /* TrafficSignalAppUITestsLaunchTests.swift */; };
/* End PBXBuildFile section */

/* Begin PBXContainerItemProxy section */
		040700472B41ECC8006A0D4A /* PBXContainerItemProxy */ = {
			isa = PBXContainerItemProxy;
			containerPortal = 040700282B41ECC6006A0D4A /* Project object */;
			proxyType = 1;
			remoteGlobalIDString = 0407002F2B41ECC6006A0D4A;
			remoteInfo = TrafficSignalApp;
		};
		040700512B41ECC8006A0D4A /* PBXContainerItemProxy */ = {
			isa = PBXContainerItemProxy;
			containerPortal = 040700282B41ECC6006A0D4A /* Project object */;
			proxyType = 1;
			remoteGlobalIDString = 0407002F2B41ECC6006A0D4A;
			remoteInfo = TrafficSignalApp;
		};
/* End PBXContainerItemProxy section */

/* Begin PBXFileReference section */
		040700302B41ECC6006A0D4A /* TrafficSignalApp.app */ = {isa = PBXFileReference; explicitFileType = wrapper.application; includeInIndex = 0; path = TrafficSignalApp.app; sourceTree = BUILT_PRODUCTS_DIR; };
		040700332B41ECC6006A0D4A /* AppDelegate.swift */ = {isa = PBXFileReference; lastKnownFileType = sourcecode.swift; path = AppDelegate.swift; sourceTree = "<group>"; };
		040700352B41ECC6006A0D4A /* SceneDelegate.swift */ = {isa = PBXFileReference; lastKnownFileType = sourcecode.swift; path = SceneDelegate.swift; sourceTree = "<group>"; };
		040700372B41ECC6006A0D4A /* ViewController.swift */ = {isa = PBXFileReference; lastKnownFileType = sourcecode.swift; path = ViewController.swift; sourceTree = "<group>"; };
		0407003A2B41ECC6006A0D4A /* Base */ = {isa = PBXFileReference; lastKnownFileType = file.storyboard; name = Base; path = Base.lproj/Main.storyboard; sourceTree = "<group>"; };
		0407003C2B41ECC8006A0D4A /* Assets.xcassets */ = {isa = PBXFileReference; lastKnownFileType = folder.assetcatalog; path = Assets.xcassets; sourceTree = "<group>"; };
		0407003F2B41ECC8006A0D4A /* Base */ = {isa = PBXFileReference; lastKnownFileType = file.storyboard; name = Base; path = Base.lproj/LaunchScreen.storyboard; sourceTree = "<group>"; };
		040700412B41ECC8006A0D4A /* Info.plist */ = {isa = PBXFileReference; lastKnownFileType = text.plist.xml; path = Info.plist; sourceTree = "<group>"; };
		040700462B41ECC8006A0D4A /* TrafficSignalAppTests.xctest */ = {isa = PBXFileReference; explicitFileType = wrapper.cfbundle; includeInIndex = 0; path = TrafficSignalAppTests.xctest; sourceTree = BUILT_PRODUCTS_DIR; };
		0407004A2B41ECC8006A0D4A /* TrafficSignalAppTests.swift */ = {isa = PBXFileReference; lastKnownFileType = sourcecode.swift; path = TrafficSignalAppTests.swift; sourceTree = "<group>"; };
		040700502B41ECC8006A0D4A /* TrafficSignalAppUITests.xctest */ = {isa = PBXFileReference; explicitFileType = wrapper.cfbundle; includeInIndex = 0; path = TrafficSignalAppUITests.xctest; sourceTree = BUILT_PRODUCTS_DIR; };
		040700542B41ECC8006A0D4A /* TrafficSignalAppUITests.swift */ = {isa = PBXFileReference; lastKnownFileType = sourcecode.swift; path = TrafficSignalAppUITests.swift; sourceTree = "<group>"; };
		040700562B41ECC8006A0D4A /* TrafficSignalAppUITestsLaunchTests.swift */ = {isa = PBXFileReference; lastKnownFileType = sourcecode.swift; path = TrafficSignalAppUITestsLaunchTests.swift; sourceTree = "<group>"; };
/* End PBXFileReference section */

/* Begin PBXFrameworksBuildPhase section */
		0407002D2B41ECC6006A0D4A /* Frameworks */ = {
			isa = PBXFrameworksBuildPhase;
			buildActionMask = 2147483647;
			files = (
			);
			runOnlyForDeploymentPostprocessing = 0;
		};
		040700432B41ECC8006A0D4A /* Frameworks */ = {
			isa = PBXFrameworksBuildPhase;
			buildActionMask = 2147483647;
			files = (
			);
			runOnlyForDeploymentPostprocessing = 0;
		};
		0407004D2B41ECC8006A0D4A /* Frameworks */ = {
			isa = PBXFrameworksBuildPhase;
			buildActionMask = 2147483647;
			files = (
			);
			runOnlyForDeploymentPostprocessing = 0;
		};
/* End PBXFrameworksBuildPhase section */

/* Begin PBXGroup section */
		040700272B41ECC6006A0D4A = {
			isa = PBXGroup;
			children = (
				040700322B41ECC6006A0D4A /* TrafficSignalApp */,
				040700492B41ECC8006A0D4A /* TrafficSignalAppTests */,
				040700532B41ECC8006A0D4A /* TrafficSignalAppUITests */,
				040700312B41ECC6006A0D4A /* Products */,
			);
			sourceTree = "<group>";
		};
		040700312B41ECC6006A0D4A /* Products */ = {
			isa = PBXGroup;
			children = (
				040700302B41ECC6006A0D4A /* TrafficSignalApp.app */,
				040700462B41ECC8006A0D4A /* TrafficSignalAppTests.xctest */,
				040700502B41ECC8006A0D4A /* TrafficSignalAppUITests.xctest */,
			);
			name = Products;
			sourceTree = "<group>";
		};
		040700322B41ECC6006A0D4A /* TrafficSignalApp */ = {
			isa = PBXGroup;
			children = (
				040700332B41ECC6006A0D4A /* AppDelegate.swift */,
				040700352B41ECC6006A0D4A /* SceneDelegate.swift */,
				040700372B41ECC6006A0D4A /* ViewController.swift */,
				040700392B41ECC6006A0D4A /* Main.storyboard */,
				0407003C2B41ECC8006A0D4A /* Assets.xcassets */,
				0407003E2B41ECC8006A0D4A /* LaunchScreen.storyboard */,
				040700412B41ECC8006A0D4A /* Info.plist */,
			);
			path = TrafficSignalApp;
			sourceTree = "<group>";
		};
		040700492B41ECC8006A0D4A /* TrafficSignalAppTests */ = {
			isa = PBXGroup;
			children = (
				0407004A2B41ECC8006A0D4A /* TrafficSignalAppTests.swift */,
			);
			path = TrafficSignalAppTests;
			sourceTree = "<group>";
		};
		040700532B41ECC8006A0D4A /* TrafficSignalAppUITests */ = {
			isa = PBXGroup;
			children = (
				040700542B41ECC8006A0D4A /* TrafficSignalAppUITests.swift */,
				040700562B41ECC8006A0D4A /* TrafficSignalAppUITestsLaunchTests.swift */,
			);
			path = TrafficSignalAppUITests;
			sourceTree = "<group>";
		};
/* End PBXGroup section */

/* Begin PBXNativeTarget section */
		0407002F2B41ECC6006A0D4A /* TrafficSignalApp */ = {
			isa = PBXNativeTarget;
			buildConfigurationList = 0407005A2B41ECC8006A0D4A /* Build configuration list for PBXNativeTarget "TrafficSignalApp" */;
			buildPhases = (
				0407002C2B41ECC6006A0D4A /* Sources */,
				0407002D2B41ECC6006A0D4A /* Frameworks */,
				0407002E2B41ECC6006A0D4A /* Resources */,
			);
			buildRules = (
			);
			dependencies = (
			);
			name = TrafficSignalApp;
			productName = TrafficSignalApp;
			productReference = 040700302B41ECC6006A0D4A /* TrafficSignalApp.app */;
			productType = "com.apple.product-type.application";
		};
		040700452B41ECC8006A0D4A /* TrafficSignalAppTests */ = {
			isa = PBXNativeTarget;
			buildConfigurationList = 0407005D2B41ECC8006A0D4A /* Build configuration list for PBXNativeTarget "TrafficSignalAppTests" */;
			buildPhases = (
				040700422B41ECC8006A0D4A /* Sources */,
				040700432B41ECC8006A0D4A /* Frameworks */,
				040700442B41ECC8006A0D4A /* Resources */,
			);
			buildRules = (
			);
			dependencies = (
				040700482B41ECC8006A0D4A /* PBXTargetDependency */,
			);
			name = TrafficSignalAppTests;
			productName = TrafficSignalAppTests;
			productReference = 040700462B41ECC8006A0D4A /* TrafficSignalAppTests.xctest */;
			productType = "com.apple.product-type.bundle.unit-test";
		};
		0407004F2B41ECC8006A0D4A /* TrafficSignalAppUITests */ = {
			isa = PBXNativeTarget;
			buildConfigurationList = 040700602B41ECC8006A0D4A /* Build configuration list for PBXNativeTarget "TrafficSignalAppUITests" */;
			buildPhases = (
				0407004C2B41ECC8006A0D4A /* Sources */,
				0407004D2B41ECC8006A0D4A /* Frameworks */,
				0407004E2B41ECC8006A0D4A /* Resources */,
			);
			buildRules = (
			);
			dependencies = (
				040700522B41ECC8006A0D4A /* PBXTargetDependency */,
			);
			name = TrafficSignalAppUITests;
			productName = TrafficSignalAppUITests;
			productReference = 040700502B41ECC8006A0D4A /* TrafficSignalAppUITests.xctest */;
			productType = "com.apple.product-type.bundle.ui-testing";
		};
/* End PBXNativeTarget section */

/* Begin PBXProject section */
		040700282B41ECC6006A0D4A /* Project object */ = {
			isa = PBXProject;
			attributes = {
				BuildIndependentTargetsInParallel = 1;
				LastSwiftUpdateCheck = 1420;
				LastUpgradeCheck = 1420;
				TargetAttributes = {
					0407002F2B41ECC6006A0D4A = {
						CreatedOnToolsVersion = 14.2;
					};
					040700452B41ECC8006A0D4A = {
						CreatedOnToolsVersion = 14.2;
						TestTargetID = 0407002F2B41ECC6006A0D4A;
					};
					0407004F2B41ECC8006A0D4A = {
						CreatedOnToolsVersion = 14.2;
						TestTargetID = 0407002F2B41ECC6006A0D4A;
					};
				};
			};
			buildConfigurationList = 0407002B2B41ECC6006A0D4A /* Build configuration list for PBXProject "TrafficSignalApp" */;
			compatibilityVersion = "Xcode 14.0";
			developmentRegion = en;
			hasScannedForEncodings = 0;
			knownRegions = (
				en,
				Base,
			);
			mainGroup = 040700272B41ECC6006A0D4A;
			productRefGroup = 040700312B41ECC6006A0D4A /* Products */;
			projectDirPath = "";
			projectRoot = "";
			targets = (
				0407002F2B41ECC6006A0D4A /* TrafficSignalApp */,
				040700452B41ECC8006A0D4A /* TrafficSignalAppTests */,
				0407004F2B41ECC8006A0D4A /* TrafficSignalAppUITests */,
			);
		};
/* End PBXProject section */

/* Begin PBXResourcesBuildPhase section */
		0407002E2B41ECC6006A0D4A /* Resources */ = {
			isa = PBXResourcesBuildPhase;
			buildActionMask = 2147483647;
			files = (
				040700402B41ECC8006A0D4A /* LaunchScreen.storyboard in Resources */,
				0407003D2B41ECC8006A0D4A /* Assets.xcassets in Resources */,
				0407003B2B41ECC6006A0D4A /* Main.storyboard in Resources */,
			);
			runOnlyForDeploymentPostprocessing = 0;
		};
		040700442B41ECC8006A0D4A /* Resources */ = {
			isa = PBXResourcesBuildPhase;
			buildActionMask = 2147483647;
			files = (
			);
			runOnlyForDeploymentPostprocessing = 0;
		};
		0407004E2B41ECC8006A0D4A /* Resources */ = {
			isa = PBXResourcesBuildPhase;
			buildActionMask = 2147483647;
			files = (
			);
			runOnlyForDeploymentPostprocessing = 0;
		};
/* End PBXResourcesBuildPhase section */

/* Begin PBXSourcesBuildPhase section */
		0407002C2B41ECC6006A0D4A /* Sources */ = {
			isa = PBXSourcesBuildPhase;
			buildActionMask = 2147483647;
			files = (
				040700382B41ECC6006A0D4A /* ViewController.swift in Sources */,
				040700342B41ECC6006A0D4A /* AppDelegate.swift in Sources */,
				040700362B41ECC6006A0D4A /* SceneDelegate.swift in Sources */,
			);
			runOnlyForDeploymentPostprocessing = 0;
		};
		040700422B41ECC8006A0D4A /* Sources */ = {
			isa = PBXSourcesBuildPhase;
			buildActionMask = 2147483647;
			files = (
				0407004B2B41ECC8006A0D4A /* TrafficSignalAppTests.swift in Sources */,
			);
			runOnlyForDeploymentPostprocessing = 0;
		};
		0407004C2B41ECC8006A0D4A /* Sources */ = {
			isa = PBXSourcesBuildPhase;
			buildActionMask = 2147483647;
			files = (
				040700572B41ECC8006A0D4A /* TrafficSignalAppUITestsLaunchTests.swift in Sources */,
				040700552B41ECC8006A0D4A /* TrafficSignalAppUITests.swift in Sources */,
			);
			runOnlyForDeploymentPostprocessing = 0;
		};
/* End PBXSourcesBuildPhase section */

/* Begin PBXTargetDependency section */
		040700482B41ECC8006A0D4A /* PBXTargetDependency */ = {
			isa = PBXTargetDependency;
			target = 0407002F2B41ECC6006A0D4A /* TrafficSignalApp */;
			targetProxy = 040700472B41ECC8006A0D4A /* PBXContainerItemProxy */;
		};
		040700522B41ECC8006A0D4A /* PBXTargetDependency */ = {
			isa = PBXTargetDependency;
			target = 0407002F2B41ECC6006A0D4A /* TrafficSignalApp */;
			targetProxy = 040700512B41ECC8006A0D4A /* PBXContainerItemProxy */;
		};
/* End PBXTargetDependency section */

/* Begin PBXVariantGroup section */
		040700392B41ECC6006A0D4A /* Main.storyboard */ = {
			isa = PBXVariantGroup;
			children = (
				0407003A2B41ECC6006A0D4A /* Base */,
			);
			name = Main.storyboard;
			sourceTree = "<group>";
		};
		0407003E2B41ECC8006A0D4A /* LaunchScreen.storyboard */ = {
			isa = PBXVariantGroup;
			children = (
				0407003F2B41ECC8006A0D4A /* Base */,
			);
			name = LaunchScreen.storyboard;
			sourceTree = "<group>";
		};
/* End PBXVariantGroup section */

/* Begin XCBuildConfiguration section */
		040700582B41ECC8006A0D4A /* Debug */ = {
			isa = XCBuildConfiguration;
			buildSettings = {
				ALWAYS_SEARCH_USER_PATHS = NO;
				CLANG_ANALYZER_NONNULL = YES;
				CLANG_ANALYZER_NUMBER_OBJECT_CONVERSION = YES_AGGRESSIVE;
				CLANG_CXX_LANGUAGE_STANDARD = "gnu++20";
				CLANG_ENABLE_MODULES = YES;
				CLANG_ENABLE_OBJC_ARC = YES;
				CLANG_ENABLE_OBJC_WEAK = YES;
				CLANG_WARN_BLOCK_CAPTURE_AUTORELEASING = YES;
				CLANG_WARN_BOOL_CONVERSION = YES;
				CLANG_WARN_COMMA = YES;
				CLANG_WARN_CONSTANT_CONVERSION = YES;
				CLANG_WARN_DEPRECATED_OBJC_IMPLEMENTATIONS = YES;
				CLANG_WARN_DIRECT_OBJC_ISA_USAGE = YES_ERROR;
				CLANG_WARN_DOCUMENTATION_COMMENTS = YES;
				CLANG_WARN_EMPTY_BODY = YES;
				CLANG_WARN_ENUM_CONVERSION = YES;
				CLANG_WARN_INFINITE_RECURSION = YES;
				CLANG_WARN_INT_CONVERSION = YES;
				CLANG_WARN_NON_LITERAL_NULL_CONVERSION = YES;
				CLANG_WARN_OBJC_IMPLICIT_RETAIN_SELF = YES;
				CLANG_WARN_OBJC_LITERAL_CONVERSION = YES;
				CLANG_WARN_OBJC_ROOT_CLASS = YES_ERROR;
				CLANG_WARN_QUOTED_INCLUDE_IN_FRAMEWORK_HEADER = YES;
				CLANG_WARN_RANGE_LOOP_ANALYSIS = YES;
				CLANG_WARN_STRICT_PROTOTYPES = YES;
				CLANG_WARN_SUSPICIOUS_MOVE = YES;
				CLANG_WARN_UNGUARDED_AVAILABILITY = YES_AGGRESSIVE;
				CLANG_WARN_UNREACHABLE_CODE = YES;
				CLANG_WARN__DUPLICATE_METHOD_MATCH = YES;
				COPY_PHASE_STRIP = NO;
				DEBUG_INFORMATION_FORMAT = dwarf;
				ENABLE_STRICT_OBJC_MSGSEND = YES;
				ENABLE_TESTABILITY = YES;
				GCC_C_LANGUAGE_STANDARD = gnu11;
				GCC_DYNAMIC_NO_PIC = NO;
				GCC_NO_COMMON_BLOCKS = YES;
				GCC_OPTIMIZATION_LEVEL = 0;
				GCC_PREPROCESSOR_DEFINITIONS = (
					"DEBUG=1",
					"$(inherited)",
				);
				GCC_WARN_64_TO_32_BIT_CONVERSION = YES;
				GCC_WARN_ABOUT_RETURN_TYPE = YES_ERROR;
				GCC_WARN_UNDECLARED_SELECTOR = YES;
				GCC_WARN_UNINITIALIZED_AUTOS = YES_AGGRESSIVE;
				GCC_WARN_UNUSED_FUNCTION = YES;
				GCC_WARN_UNUSED_VARIABLE = YES;
				IPHONEOS_DEPLOYMENT_TARGET = 16.2;
				MTL_ENABLE_DEBUG_INFO = INCLUDE_SOURCE;
				MTL_FAST_MATH = YES;
				ONLY_ACTIVE_ARCH = YES;
				SDKROOT = iphoneos;
				SWIFT_ACTIVE_COMPILATION_CONDITIONS = DEBUG;
				SWIFT_OPTIMIZATION_LEVEL = "-Onone";
			};
			name = Debug;
		};
		040700592B41ECC8006A0D4A /* Release */ = {
			isa = XCBuildConfiguration;
			buildSettings = {
				ALWAYS_SEARCH_USER_PATHS = NO;
				CLANG_ANALYZER_NONNULL = YES;
				CLANG_ANALYZER_NUMBER_OBJECT_CONVERSION = YES_AGGRESSIVE;
				CLANG_CXX_LANGUAGE_STANDARD = "gnu++20";
				CLANG_ENABLE_MODULES = YES;
				CLANG_ENABLE_OBJC_ARC = YES;
				CLANG_ENABLE_OBJC_WEAK = YES;
				CLANG_WARN_BLOCK_CAPTURE_AUTORELEASING = YES;
				CLANG_WARN_BOOL_CONVERSION = YES;
				CLANG_WARN_COMMA = YES;
				CLANG_WARN_CONSTANT_CONVERSION = YES;
				CLANG_WARN_DEPRECATED_OBJC_IMPLEMENTATIONS = YES;
				CLANG_WARN_DIRECT_OBJC_ISA_USAGE = YES_ERROR;
				CLANG_WARN_DOCUMENTATION_COMMENTS = YES;
				CLANG_WARN_EMPTY_BODY = YES;
				CLANG_WARN_ENUM_CONVERSION = YES;
				CLANG_WARN_INFINITE_RECURSION = YES;
				CLANG_WARN_INT_CONVERSION = YES;
				CLANG_WARN_NON_LITERAL_NULL_CONVERSION = YES;
				CLANG_WARN_OBJC_IMPLICIT_RETAIN_SELF = YES;
				CLANG_WARN_OBJC_LITERAL_CONVERSION = YES;
				CLANG_WARN_OBJC_ROOT_CLASS = YES_ERROR;
				CLANG_WARN_QUOTED_INCLUDE_IN_FRAMEWORK_HEADER = YES;
				CLANG_WARN_RANGE_LOOP_ANALYSIS = YES;
				CLANG_WARN_STRICT_PROTOTYPES = YES;
				CLANG_WARN_SUSPICIOUS_MOVE = YES;
				CLANG_WARN_UNGUARDED_AVAILABILITY = YES_AGGRESSIVE;
				CLANG_WARN_UNREACHABLE_CODE = YES;
				CLANG_WARN__DUPLICATE_METHOD_MATCH = YES;
				COPY_PHASE_STRIP = NO;
				DEBUG_INFORMATION_FORMAT = "dwarf-with-dsym";
				ENABLE_NS_ASSERTIONS = NO;
				ENABLE_STRICT_OBJC_MSGSEND = YES;
				GCC_C_LANGUAGE_STANDARD = gnu11;
				GCC_NO_COMMON_BLOCKS = YES;
				GCC_WARN_64_TO_32_BIT_CONVERSION = YES;
				GCC_WARN_ABOUT_RETURN_TYPE = YES_ERROR;
				GCC_WARN_UNDECLARED_SELECTOR = YES;
				GCC_WARN_UNINITIALIZED_AUTOS = YES_AGGRESSIVE;
				GCC_WARN_UNUSED_FUNCTION = YES;
				GCC_WARN_UNUSED_VARIABLE = YES;
				IPHONEOS_DEPLOYMENT_TARGET = 16.2;
				MTL_ENABLE_DEBUG_INFO = NO;
				MTL_FAST_MATH = YES;
				SDKROOT = iphoneos;
				SWIFT_COMPILATION_MODE = wholemodule;
				SWIFT_OPTIMIZATION_LEVEL = "-O";
				VALIDATE_PRODUCT = YES;
			};
			name = Release;
		};
		0407005B2B41ECC8006A0D4A /* Debug */ = {
			isa = XCBuildConfiguration;
			buildSettings = {
				ASSETCATALOG_COMPILER_APPICON_NAME = AppIcon;
				ASSETCATALOG_COMPILER_GLOBAL_ACCENT_COLOR_NAME = AccentColor;
				CODE_SIGN_STYLE = Automatic;
				CURRENT_PROJECT_VERSION = 1;
				GENERATE_INFOPLIST_FILE = YES;
				INFOPLIST_FILE = TrafficSignalApp/Info.plist;
				INFOPLIST_KEY_UIApplicationSupportsIndirectInputEvents = YES;
				INFOPLIST_KEY_UILaunchStoryboardName = LaunchScreen;
				INFOPLIST_KEY_UIMainStoryboardFile = Main;
				INFOPLIST_KEY_UISupportedInterfaceOrientations_iPad = "UIInterfaceOrientationPortrait UIInterfaceOrientationPortraitUpsideDown UIInterfaceOrientationLandscapeLeft UIInterfaceOrientationLandscapeRight";
				INFOPLIST_KEY_UISupportedInterfaceOrientations_iPhone = "UIInterfaceOrientationPortrait UIInterfaceOrientationLandscapeLeft UIInterfaceOrientationLandscapeRight";
				LD_RUNPATH_SEARCH_PATHS = (
					"$(inherited)",
					"@executable_path/Frameworks",
				);
				MARKETING_VERSION = 1.0;
				PRODUCT_BUNDLE_IDENTIFIER = com.sai.TrafficSignalApp;
				PRODUCT_NAME = "$(TARGET_NAME)";
				SWIFT_EMIT_LOC_STRINGS = YES;
				SWIFT_VERSION = 5.0;
				TARGETED_DEVICE_FAMILY = "1,2";
			};
			name = Debug;
		};
		0407005C2B41ECC8006A0D4A /* Release */ = {
			isa = XCBuildConfiguration;
			buildSettings = {
				ASSETCATALOG_COMPILER_APPICON_NAME = AppIcon;
				ASSETCATALOG_COMPILER_GLOBAL_ACCENT_COLOR_NAME = AccentColor;
				CODE_SIGN_STYLE = Automatic;
				CURRENT_PROJECT_VERSION = 1;
				GENERATE_INFOPLIST_FILE = YES;
				INFOPLIST_FILE = TrafficSignalApp/Info.plist;
				INFOPLIST_KEY_UIApplicationSupportsIndirectInputEvents = YES;
				INFOPLIST_KEY_UILaunchStoryboardName = LaunchScreen;
				INFOPLIST_KEY_UIMainStoryboardFile = Main;
				INFOPLIST_KEY_UISupportedInterfaceOrientations_iPad = "UIInterfaceOrientationPortrait UIInterfaceOrientationPortraitUpsideDown UIInterfaceOrientationLandscapeLeft UIInterfaceOrientationLandscapeRight";
				INFOPLIST_KEY_UISupportedInterfaceOrientations_iPhone = "UIInterfaceOrientationPortrait UIInterfaceOrientationLandscapeLeft UIInterfaceOrientationLandscapeRight";
				LD_RUNPATH_SEARCH_PATHS = (
					"$(inherited)",
					"@executable_path/Frameworks",
				);
				MARKETING_VERSION = 1.0;
				PRODUCT_BUNDLE_IDENTIFIER = com.sai.TrafficSignalApp;
				PRODUCT_NAME = "$(TARGET_NAME)";
				SWIFT_EMIT_LOC_STRINGS = YES;
				SWIFT_VERSION = 5.0;
				TARGETED_DEVICE_FAMILY = "1,2";
			};
			name = Release;
		};
		0407005E2B41ECC8006A0D4A /* Debug */ = {
			isa = XCBuildConfiguration;
			buildSettings = {
				ALWAYS_EMBED_SWIFT_STANDARD_LIBRARIES = YES;
				BUNDLE_LOADER = "$(TEST_HOST)";
				CODE_SIGN_STYLE = Automatic;
				CURRENT_PROJECT_VERSION = 1;
				GENERATE_INFOPLIST_FILE = YES;
				IPHONEOS_DEPLOYMENT_TARGET = 16.2;
				MARKETING_VERSION = 1.0;
				PRODUCT_BUNDLE_IDENTIFIER = com.sai.TrafficSignalAppTests;
				PRODUCT_NAME = "$(TARGET_NAME)";
				SWIFT_EMIT_LOC_STRINGS = NO;
				SWIFT_VERSION = 5.0;
				TARGETED_DEVICE_FAMILY = "1,2";
				TEST_HOST = "$(BUILT_PRODUCTS_DIR)/TrafficSignalApp.app/$(BUNDLE_EXECUTABLE_FOLDER_PATH)/TrafficSignalApp";
			};
			name = Debug;
		};
		0407005F2B41ECC8006A0D4A /* Release */ = {
			isa = XCBuildConfiguration;
			buildSettings = {
				ALWAYS_EMBED_SWIFT_STANDARD_LIBRARIES = YES;
				BUNDLE_LOADER = "$(TEST_HOST)";
				CODE_SIGN_STYLE = Automatic;
				CURRENT_PROJECT_VERSION = 1;
				GENERATE_INFOPLIST_FILE = YES;
				IPHONEOS_DEPLOYMENT_TARGET = 16.2;
				MARKETING_VERSION = 1.0;
				PRODUCT_BUNDLE_IDENTIFIER = com.sai.TrafficSignalAppTests;
				PRODUCT_NAME = "$(TARGET_NAME)";
				SWIFT_EMIT_LOC_STRINGS = NO;
				SWIFT_VERSION = 5.0;
				TARGETED_DEVICE_FAMILY = "1,2";
				TEST_HOST = "$(BUILT_PRODUCTS_DIR)/TrafficSignalApp.app/$(BUNDLE_EXECUTABLE_FOLDER_PATH)/TrafficSignalApp";
			};
			name = Release;
		};
		040700612B41ECC8006A0D4A /* Debug */ = {
			isa = XCBuildConfiguration;
			buildSettings = {
				ALWAYS_EMBED_SWIFT_STANDARD_LIBRARIES = YES;
				CODE_SIGN_STYLE = Automatic;
				CURRENT_PROJECT_VERSION = 1;
				GENERATE_INFOPLIST_FILE = YES;
				MARKETING_VERSION = 1.0;
				PRODUCT_BUNDLE_IDENTIFIER = com.sai.TrafficSignalAppUITests;
				PRODUCT_NAME = "$(TARGET_NAME)";
				SWIFT_EMIT_LOC_STRINGS = NO;
				SWIFT_VERSION = 5.0;
				TARGETED_DEVICE_FAMILY = "1,2";
				TEST_TARGET_NAME = TrafficSignalApp;
			};
			name = Debug;
		};
		040700622B41ECC8006A0D4A /* Release */ = {
			isa = XCBuildConfiguration;
			buildSettings = {
				ALWAYS_EMBED_SWIFT_STANDARD_LIBRARIES = YES;
				CODE_SIGN_STYLE = Automatic;
				CURRENT_PROJECT_VERSION = 1;
				GENERATE_INFOPLIST_FILE = YES;
				MARKETING_VERSION = 1.0;
				PRODUCT_BUNDLE_IDENTIFIER = com.sai.TrafficSignalAppUITests;
				PRODUCT_NAME = "$(TARGET_NAME)";
				SWIFT_EMIT_LOC_STRINGS = NO;
				SWIFT_VERSION = 5.0;
				TARGETED_DEVICE_FAMILY = "1,2";
				TEST_TARGET_NAME = TrafficSignalApp;
			};
			name = Release;
		};
/* End XCBuildConfiguration section */

/* Begin XCConfigurationList section */
		0407002B2B41ECC6006A0D4A /* Build configuration list for PBXProject "TrafficSignalApp" */ = {
			isa = XCConfigurationList;
			buildConfigurations = (
				040700582B41ECC8006A0D4A /* Debug */,
				040700592B41ECC8006A0D4A /* Release */,
			);
			defaultConfigurationIsVisible = 0;
			defaultConfigurationName = Release;
		};
		0407005A2B41ECC8006A0D4A /* Build configuration list for PBXNativeTarget "TrafficSignalApp" */ = {
			isa = XCConfigurationList;
			buildConfigurations = (
				0407005B2B41ECC8006A0D4A /* Debug */,
				0407005C2B41ECC8006A0D4A /* Release */,
			);
			defaultConfigurationIsVisible = 0;
			defaultConfigurationName = Release;
		};
		0407005D2B41ECC8006A0D4A /* Build configuration list for PBXNativeTarget "TrafficSignalAppTests" */ = {
			isa = XCConfigurationList;
			buildConfigurations = (
				0407005E2B41ECC8006A0D4A /* Debug */,
				0407005F2B41ECC8006A0D4A /* Release */,
			);
			defaultConfigurationIsVisible = 0;
			defaultConfigurationName = Release;
		};
		040700602B41ECC8006A0D4A /* Build configuration list for PBXNativeTarget "TrafficSignalAppUITests" */ = {
			isa = XCConfigurationList;
			buildConfigurations = (
				040700612B41ECC8006A0D4A /* Debug */,
				040700622B41ECC8006A0D4A /* Release */,
			);
			defaultConfigurationIsVisible = 0;
			defaultConfigurationName = Release;
		};
/* End XCConfigurationList section */
	};
	rootObject = 040700282B41ECC6006A0D4A /* Project object */;
}
